// !$*UTF8*$!
{
	archiveVersion = 1;
	classes = {
	};
	objectVersion = 51;
	objects = {

/* Begin PBXBuildFile section */
		586B8098279B215C0023FD67 /* AppsViewController.swift in Sources */ = {isa = PBXBuildFile; fileRef = 586B8097279B215C0023FD67 /* AppsViewController.swift */; };
		586B809C279B2D9C0023FD67 /* AppsFirstCell.swift in Sources */ = {isa = PBXBuildFile; fileRef = 586B809A279B2D9C0023FD67 /* AppsFirstCell.swift */; };
		586B809D279B2D9C0023FD67 /* AppsFirstCell.xib in Resources */ = {isa = PBXBuildFile; fileRef = 586B809B279B2D9C0023FD67 /* AppsFirstCell.xib */; };
		586B80A0279B2DBC0023FD67 /* AppsSecondCell.swift in Sources */ = {isa = PBXBuildFile; fileRef = 586B809E279B2DBC0023FD67 /* AppsSecondCell.swift */; };
		586B80A1279B2DBC0023FD67 /* AppsSecondCell.xib in Resources */ = {isa = PBXBuildFile; fileRef = 586B809F279B2DBC0023FD67 /* AppsSecondCell.xib */; };
		586B80A4279B44E80023FD67 /* FirstCellCollectionView.swift in Sources */ = {isa = PBXBuildFile; fileRef = 586B80A2279B44E80023FD67 /* FirstCellCollectionView.swift */; };
		586B80A5279B44E80023FD67 /* FirstCellCollectionView.xib in Resources */ = {isa = PBXBuildFile; fileRef = 586B80A3279B44E80023FD67 /* FirstCellCollectionView.xib */; };
		586B80A8279B4B3D0023FD67 /* SecondCellCollectionView.swift in Sources */ = {isa = PBXBuildFile; fileRef = 586B80A6279B4B3D0023FD67 /* SecondCellCollectionView.swift */; };
		586B80A9279B4B3D0023FD67 /* SecondCellCollectionView.xib in Resources */ = {isa = PBXBuildFile; fileRef = 586B80A7279B4B3D0023FD67 /* SecondCellCollectionView.xib */; };
		586B80AC279B4D700023FD67 /* FirstTableViewCell.swift in Sources */ = {isa = PBXBuildFile; fileRef = 586B80AA279B4D700023FD67 /* FirstTableViewCell.swift */; };
		586B80AD279B4D700023FD67 /* FirstTableViewCell.xib in Resources */ = {isa = PBXBuildFile; fileRef = 586B80AB279B4D700023FD67 /* FirstTableViewCell.xib */; };
		586B80AF279B89010023FD67 /* Game.swift in Sources */ = {isa = PBXBuildFile; fileRef = 586B80AE279B89010023FD67 /* Game.swift */; };
		586B80B1279BB0D70023FD67 /* RequestImageManager.swift in Sources */ = {isa = PBXBuildFile; fileRef = 586B80B0279BB0D70023FD67 /* RequestImageManager.swift */; };
		586BA8A427134BAE004C0455 /* AppDelegate.swift in Sources */ = {isa = PBXBuildFile; fileRef = 586BA8A327134BAE004C0455 /* AppDelegate.swift */; };
		586BA8A627134BAE004C0455 /* SceneDelegate.swift in Sources */ = {isa = PBXBuildFile; fileRef = 586BA8A527134BAE004C0455 /* SceneDelegate.swift */; };
		586BA8AB27134BAE004C0455 /* Main.storyboard in Resources */ = {isa = PBXBuildFile; fileRef = 586BA8A927134BAE004C0455 /* Main.storyboard */; };
		586BA8AD27134BB0004C0455 /* Assets.xcassets in Resources */ = {isa = PBXBuildFile; fileRef = 586BA8AC27134BB0004C0455 /* Assets.xcassets */; };
		586BA8B027134BB0004C0455 /* LaunchScreen.storyboard in Resources */ = {isa = PBXBuildFile; fileRef = 586BA8AE27134BB0004C0455 /* LaunchScreen.storyboard */; };
		586F5697278CE8B600EC94A2 /* RequestManager.swift in Sources */ = {isa = PBXBuildFile; fileRef = 586F5696278CE8B600EC94A2 /* RequestManager.swift */; };
		588B0480279F3F83007E18E0 /* FirstGemaCell.swift in Sources */ = {isa = PBXBuildFile; fileRef = 588B047E279F3F83007E18E0 /* FirstGemaCell.swift */; };
		588B0481279F3F83007E18E0 /* FirstGemaCell.xib in Resources */ = {isa = PBXBuildFile; fileRef = 588B047F279F3F83007E18E0 /* FirstGemaCell.xib */; };
		588B0484279F3F98007E18E0 /* SecondGameCell.swift in Sources */ = {isa = PBXBuildFile; fileRef = 588B0482279F3F98007E18E0 /* SecondGameCell.swift */; };
		588B0485279F3F98007E18E0 /* SecondGameCell.xib in Resources */ = {isa = PBXBuildFile; fileRef = 588B0483279F3F98007E18E0 /* SecondGameCell.xib */; };
		58B1A35E279C2745000BC4C4 /* GameViewController.swift in Sources */ = {isa = PBXBuildFile; fileRef = 58B1A35D279C2745000BC4C4 /* GameViewController.swift */; };
		E332717BB409E8167780A86B /* Pods_ToDoList.framework in Frameworks */ = {isa = PBXBuildFile; fileRef = 74E8CBB9F6AEF0DB55179CB0 /* Pods_ToDoList.framework */; };
/* End PBXBuildFile section */

/* Begin PBXFileReference section */
		48454B500C654ECDA7991048 /* Pods-ToDoList.release.xcconfig */ = {isa = PBXFileReference; includeInIndex = 1; lastKnownFileType = text.xcconfig; name = "Pods-ToDoList.release.xcconfig"; path = "Target Support Files/Pods-ToDoList/Pods-ToDoList.release.xcconfig"; sourceTree = "<group>"; };
		586B8097279B215C0023FD67 /* AppsViewController.swift */ = {isa = PBXFileReference; lastKnownFileType = sourcecode.swift; path = AppsViewController.swift; sourceTree = "<group>"; };
		586B809A279B2D9C0023FD67 /* AppsFirstCell.swift */ = {isa = PBXFileReference; lastKnownFileType = sourcecode.swift; path = AppsFirstCell.swift; sourceTree = "<group>"; };
		586B809B279B2D9C0023FD67 /* AppsFirstCell.xib */ = {isa = PBXFileReference; lastKnownFileType = file.xib; path = AppsFirstCell.xib; sourceTree = "<group>"; };
		586B809E279B2DBC0023FD67 /* AppsSecondCell.swift */ = {isa = PBXFileReference; lastKnownFileType = sourcecode.swift; path = AppsSecondCell.swift; sourceTree = "<group>"; };
		586B809F279B2DBC0023FD67 /* AppsSecondCell.xib */ = {isa = PBXFileReference; lastKnownFileType = file.xib; path = AppsSecondCell.xib; sourceTree = "<group>"; };
		586B80A2279B44E80023FD67 /* FirstCellCollectionView.swift */ = {isa = PBXFileReference; lastKnownFileType = sourcecode.swift; path = FirstCellCollectionView.swift; sourceTree = "<group>"; };
		586B80A3279B44E80023FD67 /* FirstCellCollectionView.xib */ = {isa = PBXFileReference; lastKnownFileType = file.xib; path = FirstCellCollectionView.xib; sourceTree = "<group>"; };
		586B80A6279B4B3D0023FD67 /* SecondCellCollectionView.swift */ = {isa = PBXFileReference; lastKnownFileType = sourcecode.swift; path = SecondCellCollectionView.swift; sourceTree = "<group>"; };
		586B80A7279B4B3D0023FD67 /* SecondCellCollectionView.xib */ = {isa = PBXFileReference; lastKnownFileType = file.xib; path = SecondCellCollectionView.xib; sourceTree = "<group>"; };
		586B80AA279B4D700023FD67 /* FirstTableViewCell.swift */ = {isa = PBXFileReference; lastKnownFileType = sourcecode.swift; path = FirstTableViewCell.swift; sourceTree = "<group>"; };
		586B80AB279B4D700023FD67 /* FirstTableViewCell.xib */ = {isa = PBXFileReference; lastKnownFileType = file.xib; path = FirstTableViewCell.xib; sourceTree = "<group>"; };
		586B80AE279B89010023FD67 /* Game.swift */ = {isa = PBXFileReference; lastKnownFileType = sourcecode.swift; path = Game.swift; sourceTree = "<group>"; };
		586B80B0279BB0D70023FD67 /* RequestImageManager.swift */ = {isa = PBXFileReference; lastKnownFileType = sourcecode.swift; path = RequestImageManager.swift; sourceTree = "<group>"; };
		586BA8A027134BAE004C0455 /* ToDoList.app */ = {isa = PBXFileReference; explicitFileType = wrapper.application; includeInIndex = 0; path = ToDoList.app; sourceTree = BUILT_PRODUCTS_DIR; };
		586BA8A327134BAE004C0455 /* AppDelegate.swift */ = {isa = PBXFileReference; lastKnownFileType = sourcecode.swift; path = AppDelegate.swift; sourceTree = "<group>"; };
		586BA8A527134BAE004C0455 /* SceneDelegate.swift */ = {isa = PBXFileReference; lastKnownFileType = sourcecode.swift; path = SceneDelegate.swift; sourceTree = "<group>"; };
		586BA8AA27134BAE004C0455 /* Base */ = {isa = PBXFileReference; lastKnownFileType = file.storyboard; name = Base; path = Base.lproj/Main.storyboard; sourceTree = "<group>"; };
		586BA8AC27134BB0004C0455 /* Assets.xcassets */ = {isa = PBXFileReference; lastKnownFileType = folder.assetcatalog; path = Assets.xcassets; sourceTree = "<group>"; };
		586BA8AF27134BB0004C0455 /* Base */ = {isa = PBXFileReference; lastKnownFileType = file.storyboard; name = Base; path = Base.lproj/LaunchScreen.storyboard; sourceTree = "<group>"; };
		586BA8B127134BB0004C0455 /* Info.plist */ = {isa = PBXFileReference; lastKnownFileType = text.plist.xml; path = Info.plist; sourceTree = "<group>"; };
		586F5696278CE8B600EC94A2 /* RequestManager.swift */ = {isa = PBXFileReference; lastKnownFileType = sourcecode.swift; path = RequestManager.swift; sourceTree = "<group>"; };
		588B047E279F3F83007E18E0 /* FirstGemaCell.swift */ = {isa = PBXFileReference; lastKnownFileType = sourcecode.swift; path = FirstGemaCell.swift; sourceTree = "<group>"; };
		588B047F279F3F83007E18E0 /* FirstGemaCell.xib */ = {isa = PBXFileReference; lastKnownFileType = file.xib; path = FirstGemaCell.xib; sourceTree = "<group>"; };
		588B0482279F3F98007E18E0 /* SecondGameCell.swift */ = {isa = PBXFileReference; lastKnownFileType = sourcecode.swift; path = SecondGameCell.swift; sourceTree = "<group>"; };
		588B0483279F3F98007E18E0 /* SecondGameCell.xib */ = {isa = PBXFileReference; lastKnownFileType = file.xib; path = SecondGameCell.xib; sourceTree = "<group>"; };
		58B1A35D279C2745000BC4C4 /* GameViewController.swift */ = {isa = PBXFileReference; lastKnownFileType = sourcecode.swift; path = GameViewController.swift; sourceTree = "<group>"; };
		74E8CBB9F6AEF0DB55179CB0 /* Pods_ToDoList.framework */ = {isa = PBXFileReference; explicitFileType = wrapper.framework; includeInIndex = 0; path = Pods_ToDoList.framework; sourceTree = BUILT_PRODUCTS_DIR; };
		A42FF2002EDD0432B9133908 /* Pods-ToDoList.debug.xcconfig */ = {isa = PBXFileReference; includeInIndex = 1; lastKnownFileType = text.xcconfig; name = "Pods-ToDoList.debug.xcconfig"; path = "Target Support Files/Pods-ToDoList/Pods-ToDoList.debug.xcconfig"; sourceTree = "<group>"; };
/* End PBXFileReference section */

/* Begin PBXFrameworksBuildPhase section */
		586BA89D27134BAE004C0455 /* Frameworks */ = {
			isa = PBXFrameworksBuildPhase;
			buildActionMask = 2147483647;
			files = (
				E332717BB409E8167780A86B /* Pods_ToDoList.framework in Frameworks */,
			);
			runOnlyForDeploymentPostprocessing = 0;
		};
/* End PBXFrameworksBuildPhase section */

/* Begin PBXGroup section */
		2F9E6CBE78738C1FE8D19CFD /* Pods */ = {
			isa = PBXGroup;
			children = (
				A42FF2002EDD0432B9133908 /* Pods-ToDoList.debug.xcconfig */,
				48454B500C654ECDA7991048 /* Pods-ToDoList.release.xcconfig */,
			);
			path = Pods;
			sourceTree = "<group>";
		};
		4BC27DF7D9EDA91FC37B3CBF /* Frameworks */ = {
			isa = PBXGroup;
			children = (
				74E8CBB9F6AEF0DB55179CB0 /* Pods_ToDoList.framework */,
			);
			name = Frameworks;
			sourceTree = "<group>";
		};
		586B8099279B2D630023FD67 /* Cells */ = {
			isa = PBXGroup;
			children = (
				586B809A279B2D9C0023FD67 /* AppsFirstCell.swift */,
				586B809B279B2D9C0023FD67 /* AppsFirstCell.xib */,
				586B80A2279B44E80023FD67 /* FirstCellCollectionView.swift */,
				586B80A3279B44E80023FD67 /* FirstCellCollectionView.xib */,
				586B809E279B2DBC0023FD67 /* AppsSecondCell.swift */,
				586B809F279B2DBC0023FD67 /* AppsSecondCell.xib */,
				586B80A6279B4B3D0023FD67 /* SecondCellCollectionView.swift */,
				586B80A7279B4B3D0023FD67 /* SecondCellCollectionView.xib */,
				586B80AA279B4D700023FD67 /* FirstTableViewCell.swift */,
				586B80AB279B4D700023FD67 /* FirstTableViewCell.xib */,
			);
			path = Cells;
			sourceTree = "<group>";
		};
		586BA89727134BAE004C0455 = {
			isa = PBXGroup;
			children = (
				586BA8A227134BAE004C0455 /* ToDo List */,
				586BA8A127134BAE004C0455 /* Products */,
				2F9E6CBE78738C1FE8D19CFD /* Pods */,
				4BC27DF7D9EDA91FC37B3CBF /* Frameworks */,
			);
			sourceTree = "<group>";
		};
		586BA8A127134BAE004C0455 /* Products */ = {
			isa = PBXGroup;
			children = (
				586BA8A027134BAE004C0455 /* ToDoList.app */,
			);
			name = Products;
			sourceTree = "<group>";
		};
		586BA8A227134BAE004C0455 /* ToDo List */ = {
			isa = PBXGroup;
			children = (
				586F5695278CE89B00EC94A2 /* Managers */,
				58A7591B273700CE00ADF9DC /* Storyboards */,
				58A51F77272AFADE00FB75F0 /* Controllers */,
				58A51F76272AFAB400FB75F0 /* ViewControllers */,
				58A51F73272AF79F00FB75F0 /* Models */,
				586BA8A327134BAE004C0455 /* AppDelegate.swift */,
				586BA8AE27134BB0004C0455 /* LaunchScreen.storyboard */,
				586BA8A527134BAE004C0455 /* SceneDelegate.swift */,
				586BA8AC27134BB0004C0455 /* Assets.xcassets */,
				586BA8B127134BB0004C0455 /* Info.plist */,
			);
			path = "ToDo List";
			sourceTree = "<group>";
		};
		586F5695278CE89B00EC94A2 /* Managers */ = {
			isa = PBXGroup;
			children = (
				586F5696278CE8B600EC94A2 /* RequestManager.swift */,
				586B80B0279BB0D70023FD67 /* RequestImageManager.swift */,
			);
			path = Managers;
			sourceTree = "<group>";
		};
		588B047C279F3F42007E18E0 /* GameViewController */ = {
			isa = PBXGroup;
			children = (
				588B047D279F3F5C007E18E0 /* Cells */,
				58B1A35D279C2745000BC4C4 /* GameViewController.swift */,
			);
			path = GameViewController;
			sourceTree = "<group>";
		};
		588B047D279F3F5C007E18E0 /* Cells */ = {
			isa = PBXGroup;
			children = (
				588B047E279F3F83007E18E0 /* FirstGemaCell.swift */,
				588B047F279F3F83007E18E0 /* FirstGemaCell.xib */,
				588B0482279F3F98007E18E0 /* SecondGameCell.swift */,
				588B0483279F3F98007E18E0 /* SecondGameCell.xib */,
			);
			path = Cells;
			sourceTree = "<group>";
		};
		58A51F73272AF79F00FB75F0 /* Models */ = {
			isa = PBXGroup;
			children = (
				586B80AE279B89010023FD67 /* Game.swift */,
			);
			path = Models;
			sourceTree = "<group>";
		};
		58A51F76272AFAB400FB75F0 /* ViewControllers */ = {
			isa = PBXGroup;
			children = (
				588B047C279F3F42007E18E0 /* GameViewController */,
				586B8099279B2D630023FD67 /* Cells */,
				586B8097279B215C0023FD67 /* AppsViewController.swift */,
			);
			path = ViewControllers;
			sourceTree = "<group>";
		};
		58A51F77272AFADE00FB75F0 /* Controllers */ = {
			isa = PBXGroup;
			children = (
			);
			path = Controllers;
			sourceTree = "<group>";
		};
		58A7591B273700CE00ADF9DC /* Storyboards */ = {
			isa = PBXGroup;
			children = (
				586BA8A927134BAE004C0455 /* Main.storyboard */,
			);
			path = Storyboards;
			sourceTree = "<group>";
		};
/* End PBXGroup section */

/* Begin PBXNativeTarget section */
		586BA89F27134BAE004C0455 /* ToDoList */ = {
			isa = PBXNativeTarget;
			buildConfigurationList = 586BA8B427134BB0004C0455 /* Build configuration list for PBXNativeTarget "ToDoList" */;
			buildPhases = (
				7DF40219DF3A620D036B55DF /* [CP] Check Pods Manifest.lock */,
				586BA89C27134BAE004C0455 /* Sources */,
				586BA89D27134BAE004C0455 /* Frameworks */,
				586BA89E27134BAE004C0455 /* Resources */,
				5B8E3A2CACFF9B535F6A8AF6 /* [CP] Embed Pods Frameworks */,
			);
			buildRules = (
			);
			dependencies = (
			);
			name = ToDoList;
			productName = "ToDo List";
			productReference = 586BA8A027134BAE004C0455 /* ToDoList.app */;
			productType = "com.apple.product-type.application";
		};
/* End PBXNativeTarget section */

/* Begin PBXProject section */
		586BA89827134BAE004C0455 /* Project object */ = {
			isa = PBXProject;
			attributes = {
				LastSwiftUpdateCheck = 1250;
				LastUpgradeCheck = 1250;
				TargetAttributes = {
					586BA89F27134BAE004C0455 = {
						CreatedOnToolsVersion = 12.5.1;
					};
				};
			};
			buildConfigurationList = 586BA89B27134BAE004C0455 /* Build configuration list for PBXProject "ToDoList" */;
			compatibilityVersion = "Xcode 9.3";
			developmentRegion = en;
			hasScannedForEncodings = 0;
			knownRegions = (
				en,
				Base,
			);
			mainGroup = 586BA89727134BAE004C0455;
			productRefGroup = 586BA8A127134BAE004C0455 /* Products */;
			projectDirPath = "";
			projectRoot = "";
			targets = (
				586BA89F27134BAE004C0455 /* ToDoList */,
			);
		};
/* End PBXProject section */

/* Begin PBXResourcesBuildPhase section */
		586BA89E27134BAE004C0455 /* Resources */ = {
			isa = PBXResourcesBuildPhase;
			buildActionMask = 2147483647;
			files = (
				586B80A1279B2DBC0023FD67 /* AppsSecondCell.xib in Resources */,
				588B0481279F3F83007E18E0 /* FirstGemaCell.xib in Resources */,
				586BA8B027134BB0004C0455 /* LaunchScreen.storyboard in Resources */,
				586B80AD279B4D700023FD67 /* FirstTableViewCell.xib in Resources */,
				586BA8AD27134BB0004C0455 /* Assets.xcassets in Resources */,
				586B80A5279B44E80023FD67 /* FirstCellCollectionView.xib in Resources */,
				586B809D279B2D9C0023FD67 /* AppsFirstCell.xib in Resources */,
				588B0485279F3F98007E18E0 /* SecondGameCell.xib in Resources */,
				586B80A9279B4B3D0023FD67 /* SecondCellCollectionView.xib in Resources */,
				586BA8AB27134BAE004C0455 /* Main.storyboard in Resources */,
			);
			runOnlyForDeploymentPostprocessing = 0;
		};
/* End PBXResourcesBuildPhase section */

/* Begin PBXShellScriptBuildPhase section */
		5B8E3A2CACFF9B535F6A8AF6 /* [CP] Embed Pods Frameworks */ = {
			isa = PBXShellScriptBuildPhase;
			buildActionMask = 2147483647;
			files = (
			);
			inputFileListPaths = (
				"${PODS_ROOT}/Target Support Files/Pods-ToDoList/Pods-ToDoList-frameworks-${CONFIGURATION}-input-files.xcfilelist",
			);
			name = "[CP] Embed Pods Frameworks";
			outputFileListPaths = (
				"${PODS_ROOT}/Target Support Files/Pods-ToDoList/Pods-ToDoList-frameworks-${CONFIGURATION}-output-files.xcfilelist",
			);
			runOnlyForDeploymentPostprocessing = 0;
			shellPath = /bin/sh;
			shellScript = "\"${PODS_ROOT}/Target Support Files/Pods-ToDoList/Pods-ToDoList-frameworks.sh\"\n";
			showEnvVarsInLog = 0;
		};
		7DF40219DF3A620D036B55DF /* [CP] Check Pods Manifest.lock */ = {
			isa = PBXShellScriptBuildPhase;
			buildActionMask = 2147483647;
			files = (
			);
			inputFileListPaths = (
			);
			inputPaths = (
				"${PODS_PODFILE_DIR_PATH}/Podfile.lock",
				"${PODS_ROOT}/Manifest.lock",
			);
			name = "[CP] Check Pods Manifest.lock";
			outputFileListPaths = (
			);
			outputPaths = (
				"$(DERIVED_FILE_DIR)/Pods-ToDoList-checkManifestLockResult.txt",
			);
			runOnlyForDeploymentPostprocessing = 0;
			shellPath = /bin/sh;
			shellScript = "diff \"${PODS_PODFILE_DIR_PATH}/Podfile.lock\" \"${PODS_ROOT}/Manifest.lock\" > /dev/null\nif [ $? != 0 ] ; then\n    # print error to STDERR\n    echo \"error: The sandbox is not in sync with the Podfile.lock. Run 'pod install' or update your CocoaPods installation.\" >&2\n    exit 1\nfi\n# This output is used by Xcode 'outputs' to avoid re-running this script phase.\necho \"SUCCESS\" > \"${SCRIPT_OUTPUT_FILE_0}\"\n";
			showEnvVarsInLog = 0;
		};
/* End PBXShellScriptBuildPhase section */

/* Begin PBXSourcesBuildPhase section */
		586BA89C27134BAE004C0455 /* Sources */ = {
			isa = PBXSourcesBuildPhase;
			buildActionMask = 2147483647;
			files = (
				586B8098279B215C0023FD67 /* AppsViewController.swift in Sources */,
				586B809C279B2D9C0023FD67 /* AppsFirstCell.swift in Sources */,
				586B80AF279B89010023FD67 /* Game.swift in Sources */,
				586B80A4279B44E80023FD67 /* FirstCellCollectionView.swift in Sources */,
				586BA8A427134BAE004C0455 /* AppDelegate.swift in Sources */,
				586B80B1279BB0D70023FD67 /* RequestImageManager.swift in Sources */,
				588B0480279F3F83007E18E0 /* FirstGemaCell.swift in Sources */,
				586B80AC279B4D700023FD67 /* FirstTableViewCell.swift in Sources */,
				586F5697278CE8B600EC94A2 /* RequestManager.swift in Sources */,
				588B0484279F3F98007E18E0 /* SecondGameCell.swift in Sources */,
				58B1A35E279C2745000BC4C4 /* GameViewController.swift in Sources */,
				586B80A0279B2DBC0023FD67 /* AppsSecondCell.swift in Sources */,
				586B80A8279B4B3D0023FD67 /* SecondCellCollectionView.swift in Sources */,
				586BA8A627134BAE004C0455 /* SceneDelegate.swift in Sources */,
			);
			runOnlyForDeploymentPostprocessing = 0;
		};
/* End PBXSourcesBuildPhase section */

/* Begin PBXVariantGroup section */
		586BA8A927134BAE004C0455 /* Main.storyboard */ = {
			isa = PBXVariantGroup;
			children = (
				586BA8AA27134BAE004C0455 /* Base */,
			);
			name = Main.storyboard;
			sourceTree = "<group>";
		};
		586BA8AE27134BB0004C0455 /* LaunchScreen.storyboard */ = {
			isa = PBXVariantGroup;
			children = (
				586BA8AF27134BB0004C0455 /* Base */,
			);
			name = LaunchScreen.storyboard;
			sourceTree = "<group>";
		};
/* End PBXVariantGroup section */

/* Begin XCBuildConfiguration section */
		586BA8B227134BB0004C0455 /* Debug */ = {
			isa = XCBuildConfiguration;
			buildSettings = {
				ALWAYS_SEARCH_USER_PATHS = NO;
				CLANG_ANALYZER_NONNULL = YES;
				CLANG_ANALYZER_NUMBER_OBJECT_CONVERSION = YES_AGGRESSIVE;
				CLANG_CXX_LANGUAGE_STANDARD = "gnu++14";
				CLANG_CXX_LIBRARY = "libc++";
				CLANG_ENABLE_MODULES = YES;
				CLANG_ENABLE_OBJC_ARC = YES;
				CLANG_ENABLE_OBJC_WEAK = YES;
				CLANG_WARN_BLOCK_CAPTURE_AUTORELEASING = YES;
				CLANG_WARN_BOOL_CONVERSION = YES;
				CLANG_WARN_COMMA = YES;
				CLANG_WARN_CONSTANT_CONVERSION = YES;
				CLANG_WARN_DEPRECATED_OBJC_IMPLEMENTATIONS = YES;
				CLANG_WARN_DIRECT_OBJC_ISA_USAGE = YES_ERROR;
				CLANG_WARN_DOCUMENTATION_COMMENTS = YES;
				CLANG_WARN_EMPTY_BODY = YES;
				CLANG_WARN_ENUM_CONVERSION = YES;
				CLANG_WARN_INFINITE_RECURSION = YES;
				CLANG_WARN_INT_CONVERSION = YES;
				CLANG_WARN_NON_LITERAL_NULL_CONVERSION = YES;
				CLANG_WARN_OBJC_IMPLICIT_RETAIN_SELF = YES;
				CLANG_WARN_OBJC_LITERAL_CONVERSION = YES;
				CLANG_WARN_OBJC_ROOT_CLASS = YES_ERROR;
				CLANG_WARN_QUOTED_INCLUDE_IN_FRAMEWORK_HEADER = YES;
				CLANG_WARN_RANGE_LOOP_ANALYSIS = YES;
				CLANG_WARN_STRICT_PROTOTYPES = YES;
				CLANG_WARN_SUSPICIOUS_MOVE = YES;
				CLANG_WARN_UNGUARDED_AVAILABILITY = YES_AGGRESSIVE;
				CLANG_WARN_UNREACHABLE_CODE = YES;
				CLANG_WARN__DUPLICATE_METHOD_MATCH = YES;
				COPY_PHASE_STRIP = NO;
				DEBUG_INFORMATION_FORMAT = dwarf;
				ENABLE_STRICT_OBJC_MSGSEND = YES;
				ENABLE_TESTABILITY = YES;
				GCC_C_LANGUAGE_STANDARD = gnu11;
				GCC_DYNAMIC_NO_PIC = NO;
				GCC_NO_COMMON_BLOCKS = YES;
				GCC_OPTIMIZATION_LEVEL = 0;
				GCC_PREPROCESSOR_DEFINITIONS = (
					"DEBUG=1",
					"$(inherited)",
				);
				GCC_WARN_64_TO_32_BIT_CONVERSION = YES;
				GCC_WARN_ABOUT_RETURN_TYPE = YES_ERROR;
				GCC_WARN_UNDECLARED_SELECTOR = YES;
				GCC_WARN_UNINITIALIZED_AUTOS = YES_AGGRESSIVE;
				GCC_WARN_UNUSED_FUNCTION = YES;
				GCC_WARN_UNUSED_VARIABLE = YES;
				IPHONEOS_DEPLOYMENT_TARGET = 14.5;
				MTL_ENABLE_DEBUG_INFO = INCLUDE_SOURCE;
				MTL_FAST_MATH = YES;
				ONLY_ACTIVE_ARCH = YES;
				SDKROOT = iphoneos;
				SWIFT_ACTIVE_COMPILATION_CONDITIONS = DEBUG;
				SWIFT_OPTIMIZATION_LEVEL = "-Onone";
			};
			name = Debug;
		};
		586BA8B327134BB0004C0455 /* Release */ = {
			isa = XCBuildConfiguration;
			buildSettings = {
				ALWAYS_SEARCH_USER_PATHS = NO;
				CLANG_ANALYZER_NONNULL = YES;
				CLANG_ANALYZER_NUMBER_OBJECT_CONVERSION = YES_AGGRESSIVE;
				CLANG_CXX_LANGUAGE_STANDARD = "gnu++14";
				CLANG_CXX_LIBRARY = "libc++";
				CLANG_ENABLE_MODULES = YES;
				CLANG_ENABLE_OBJC_ARC = YES;
				CLANG_ENABLE_OBJC_WEAK = YES;
				CLANG_WARN_BLOCK_CAPTURE_AUTORELEASING = YES;
				CLANG_WARN_BOOL_CONVERSION = YES;
				CLANG_WARN_COMMA = YES;
				CLANG_WARN_CONSTANT_CONVERSION = YES;
				CLANG_WARN_DEPRECATED_OBJC_IMPLEMENTATIONS = YES;
				CLANG_WARN_DIRECT_OBJC_ISA_USAGE = YES_ERROR;
				CLANG_WARN_DOCUMENTATION_COMMENTS = YES;
				CLANG_WARN_EMPTY_BODY = YES;
				CLANG_WARN_ENUM_CONVERSION = YES;
				CLANG_WARN_INFINITE_RECURSION = YES;
				CLANG_WARN_INT_CONVERSION = YES;
				CLANG_WARN_NON_LITERAL_NULL_CONVERSION = YES;
				CLANG_WARN_OBJC_IMPLICIT_RETAIN_SELF = YES;
				CLANG_WARN_OBJC_LITERAL_CONVERSION = YES;
				CLANG_WARN_OBJC_ROOT_CLASS = YES_ERROR;
				CLANG_WARN_QUOTED_INCLUDE_IN_FRAMEWORK_HEADER = YES;
				CLANG_WARN_RANGE_LOOP_ANALYSIS = YES;
				CLANG_WARN_STRICT_PROTOTYPES = YES;
				CLANG_WARN_SUSPICIOUS_MOVE = YES;
				CLANG_WARN_UNGUARDED_AVAILABILITY = YES_AGGRESSIVE;
				CLANG_WARN_UNREACHABLE_CODE = YES;
				CLANG_WARN__DUPLICATE_METHOD_MATCH = YES;
				COPY_PHASE_STRIP = NO;
				DEBUG_INFORMATION_FORMAT = "dwarf-with-dsym";
				ENABLE_NS_ASSERTIONS = NO;
				ENABLE_STRICT_OBJC_MSGSEND = YES;
				GCC_C_LANGUAGE_STANDARD = gnu11;
				GCC_NO_COMMON_BLOCKS = YES;
				GCC_WARN_64_TO_32_BIT_CONVERSION = YES;
				GCC_WARN_ABOUT_RETURN_TYPE = YES_ERROR;
				GCC_WARN_UNDECLARED_SELECTOR = YES;
				GCC_WARN_UNINITIALIZED_AUTOS = YES_AGGRESSIVE;
				GCC_WARN_UNUSED_FUNCTION = YES;
				GCC_WARN_UNUSED_VARIABLE = YES;
				IPHONEOS_DEPLOYMENT_TARGET = 14.5;
				MTL_ENABLE_DEBUG_INFO = NO;
				MTL_FAST_MATH = YES;
				SDKROOT = iphoneos;
				SWIFT_COMPILATION_MODE = wholemodule;
				SWIFT_OPTIMIZATION_LEVEL = "-O";
				VALIDATE_PRODUCT = YES;
			};
			name = Release;
		};
		586BA8B527134BB0004C0455 /* Debug */ = {
			isa = XCBuildConfiguration;
			baseConfigurationReference = A42FF2002EDD0432B9133908 /* Pods-ToDoList.debug.xcconfig */;
			buildSettings = {
				ASSETCATALOG_COMPILER_APPICON_NAME = AppIcon;
				ASSETCATALOG_COMPILER_GLOBAL_ACCENT_COLOR_NAME = AccentColor;
				CODE_SIGN_STYLE = Automatic;
				DEVELOPMENT_TEAM = 3JFRS5HA3K;
				INFOPLIST_FILE = "ToDo List/Info.plist";
				LD_RUNPATH_SEARCH_PATHS = (
					"$(inherited)",
					"@executable_path/Frameworks",
				);
				PRODUCT_BUNDLE_IDENTIFIER = "shelcom.ToDo-List";
				PRODUCT_NAME = "$(TARGET_NAME)";
				SWIFT_VERSION = 5.0;
				TARGETED_DEVICE_FAMILY = "1,2";
			};
			name = Debug;
		};
		586BA8B627134BB0004C0455 /* Release */ = {
			isa = XCBuildConfiguration;
			baseConfigurationReference = 48454B500C654ECDA7991048 /* Pods-ToDoList.release.xcconfig */;
			buildSettings = {
				ASSETCATALOG_COMPILER_APPICON_NAME = AppIcon;
				ASSETCATALOG_COMPILER_GLOBAL_ACCENT_COLOR_NAME = AccentColor;
				CODE_SIGN_STYLE = Automatic;
				DEVELOPMENT_TEAM = 3JFRS5HA3K;
				INFOPLIST_FILE = "ToDo List/Info.plist";
				LD_RUNPATH_SEARCH_PATHS = (
					"$(inherited)",
					"@executable_path/Frameworks",
				);
				PRODUCT_BUNDLE_IDENTIFIER = "shelcom.ToDo-List";
				PRODUCT_NAME = "$(TARGET_NAME)";
				SWIFT_VERSION = 5.0;
				TARGETED_DEVICE_FAMILY = "1,2";
			};
			name = Release;
		};
/* End XCBuildConfiguration section */

/* Begin XCConfigurationList section */
		586BA89B27134BAE004C0455 /* Build configuration list for PBXProject "ToDoList" */ = {
			isa = XCConfigurationList;
			buildConfigurations = (
				586BA8B227134BB0004C0455 /* Debug */,
				586BA8B327134BB0004C0455 /* Release */,
			);
			defaultConfigurationIsVisible = 0;
			defaultConfigurationName = Release;
		};
		586BA8B427134BB0004C0455 /* Build configuration list for PBXNativeTarget "ToDoList" */ = {
			isa = XCConfigurationList;
			buildConfigurations = (
				586BA8B527134BB0004C0455 /* Debug */,
				586BA8B627134BB0004C0455 /* Release */,
			);
			defaultConfigurationIsVisible = 0;
			defaultConfigurationName = Release;
		};
/* End XCConfigurationList section */
	};
	rootObject = 586BA89827134BAE004C0455 /* Project object */;
}
